// !$*UTF8*$!
{
	archiveVersion = 1;
	classes = {
	};
	objectVersion = 77;
	objects = {

/* Begin PBXBuildFile section */
		85519D182D53541E0016BC6B /* EssentialProducts.framework in Frameworks */ = {isa = PBXBuildFile; fileRef = 85578B0D2CD284EA00DCD2BB /* EssentialProducts.framework */; platformFilter = ios; };
		85519D192D53541E0016BC6B /* EssentialProducts.framework in Embed Frameworks */ = {isa = PBXBuildFile; fileRef = 85578B0D2CD284EA00DCD2BB /* EssentialProducts.framework */; platformFilter = ios; settings = {ATTRIBUTES = (CodeSignOnCopy, RemoveHeadersOnCopy, ); }; };
		85578B162CD284EA00DCD2BB /* EssentialProducts.framework in Frameworks */ = {isa = PBXBuildFile; fileRef = 85578B0D2CD284EA00DCD2BB /* EssentialProducts.framework */; };
		859637132CDF99380053991C /* EssentialProducts.framework in Frameworks */ = {isa = PBXBuildFile; fileRef = 85578B0D2CD284EA00DCD2BB /* EssentialProducts.framework */; };
		85A228AB2D2EF9900046EFC0 /* EssentialProducts.framework in Frameworks */ = {isa = PBXBuildFile; fileRef = 85578B0D2CD284EA00DCD2BB /* EssentialProducts.framework */; };
		85D2135D2D52548F0066F06B /* EssentialProductsiOS.framework in Frameworks */ = {isa = PBXBuildFile; fileRef = 85D213552D52548F0066F06B /* EssentialProductsiOS.framework */; };
/* End PBXBuildFile section */

/* Begin PBXContainerItemProxy section */
		85519D1A2D53541E0016BC6B /* PBXContainerItemProxy */ = {
			isa = PBXContainerItemProxy;
			containerPortal = 85578B042CD284E900DCD2BB /* Project object */;
			proxyType = 1;
			remoteGlobalIDString = 85578B0C2CD284E900DCD2BB;
			remoteInfo = EssentialProducts;
		};
		85578B172CD284EA00DCD2BB /* PBXContainerItemProxy */ = {
			isa = PBXContainerItemProxy;
			containerPortal = 85578B042CD284E900DCD2BB /* Project object */;
			proxyType = 1;
			remoteGlobalIDString = 85578B0C2CD284E900DCD2BB;
			remoteInfo = EssentialProducts;
		};
		859637142CDF99380053991C /* PBXContainerItemProxy */ = {
			isa = PBXContainerItemProxy;
			containerPortal = 85578B042CD284E900DCD2BB /* Project object */;
			proxyType = 1;
			remoteGlobalIDString = 85578B0C2CD284E900DCD2BB;
			remoteInfo = EssentialProducts;
		};
		85A228AC2D2EF9900046EFC0 /* PBXContainerItemProxy */ = {
			isa = PBXContainerItemProxy;
			containerPortal = 85578B042CD284E900DCD2BB /* Project object */;
			proxyType = 1;
			remoteGlobalIDString = 85578B0C2CD284E900DCD2BB;
			remoteInfo = EssentialProducts;
		};
		85D2135E2D52548F0066F06B /* PBXContainerItemProxy */ = {
			isa = PBXContainerItemProxy;
			containerPortal = 85578B042CD284E900DCD2BB /* Project object */;
			proxyType = 1;
			remoteGlobalIDString = 85D213542D52548F0066F06B;
			remoteInfo = EssentialProductsiOS;
		};
/* End PBXContainerItemProxy section */

/* Begin PBXCopyFilesBuildPhase section */
		85519D1C2D53541E0016BC6B /* Embed Frameworks */ = {
			isa = PBXCopyFilesBuildPhase;
			buildActionMask = 2147483647;
			dstPath = "";
			dstSubfolderSpec = 10;
			files = (
				85519D192D53541E0016BC6B /* EssentialProducts.framework in Embed Frameworks */,
			);
			name = "Embed Frameworks";
			runOnlyForDeploymentPostprocessing = 0;
		};
/* End PBXCopyFilesBuildPhase section */

/* Begin PBXFileReference section */
		85519CFF2D5256AC0016BC6B /* CI_iOS.xctestplan */ = {isa = PBXFileReference; lastKnownFileType = text; path = CI_iOS.xctestplan; sourceTree = "<group>"; };
		85519D162D53505C0016BC6B /* EssentialProductsiOSTests.xctestplan */ = {isa = PBXFileReference; lastKnownFileType = text; path = EssentialProductsiOSTests.xctestplan; sourceTree = "<group>"; };
		85578B0D2CD284EA00DCD2BB /* EssentialProducts.framework */ = {isa = PBXFileReference; explicitFileType = wrapper.framework; includeInIndex = 0; path = EssentialProducts.framework; sourceTree = BUILT_PRODUCTS_DIR; };
		85578B152CD284EA00DCD2BB /* EssentialProductsTests.xctest */ = {isa = PBXFileReference; explicitFileType = wrapper.cfbundle; includeInIndex = 0; path = EssentialProductsTests.xctest; sourceTree = BUILT_PRODUCTS_DIR; };
		859278292D7A00FC009DEA94 /* EssentialsProductsApp.app */ = {isa = PBXFileReference; explicitFileType = wrapper.application; includeInIndex = 0; path = EssentialsProductsApp.app; sourceTree = BUILT_PRODUCTS_DIR; };
		8596370A2CDF4ADE0053991C /* EssentialProductsTests.xctestplan */ = {isa = PBXFileReference; lastKnownFileType = text; path = EssentialProductsTests.xctestplan; sourceTree = "<group>"; };
		8596370F2CDF99380053991C /* EssentialProductsAPIEndToEndTests.xctest */ = {isa = PBXFileReference; explicitFileType = wrapper.cfbundle; includeInIndex = 0; path = EssentialProductsAPIEndToEndTests.xctest; sourceTree = BUILT_PRODUCTS_DIR; };
		859637192CDF9ADD0053991C /* EssentialProductsAPIEndToEndTests.xctestplan */ = {isa = PBXFileReference; lastKnownFileType = text; path = EssentialProductsAPIEndToEndTests.xctestplan; sourceTree = "<group>"; };
		85A228A72D2EF9900046EFC0 /* EssentialProductsCacheIntegrationTests.xctest */ = {isa = PBXFileReference; explicitFileType = wrapper.cfbundle; includeInIndex = 0; path = EssentialProductsCacheIntegrationTests.xctest; sourceTree = BUILT_PRODUCTS_DIR; };
		85A228B12D2EF9AF0046EFC0 /* EssentialProductsCacheIntegrationTests.xctestplan */ = {isa = PBXFileReference; lastKnownFileType = text; path = EssentialProductsCacheIntegrationTests.xctestplan; sourceTree = "<group>"; };
		85CAAA802CD556DA00D2F5B4 /* EssentialProducts.xctestplan */ = {isa = PBXFileReference; lastKnownFileType = text; path = EssentialProducts.xctestplan; sourceTree = "<group>"; };
		85D213552D52548F0066F06B /* EssentialProductsiOS.framework */ = {isa = PBXFileReference; explicitFileType = wrapper.framework; includeInIndex = 0; path = EssentialProductsiOS.framework; sourceTree = BUILT_PRODUCTS_DIR; };
		85D2135C2D52548F0066F06B /* EssentialProductsiOSTests.xctest */ = {isa = PBXFileReference; explicitFileType = wrapper.cfbundle; includeInIndex = 0; path = EssentialProductsiOSTests.xctest; sourceTree = BUILT_PRODUCTS_DIR; };
		85D2136B2D5254FA0066F06B /* EssentialProductsiOS.xctestplan */ = {isa = PBXFileReference; lastKnownFileType = text; path = EssentialProductsiOS.xctestplan; sourceTree = "<group>"; };
		85DE247A2CDFA4E800820519 /* CI.xctestplan */ = {isa = PBXFileReference; lastKnownFileType = text; name = CI.xctestplan; path = ../CI.xctestplan; sourceTree = "<group>"; };
/* End PBXFileReference section */

/* Begin PBXFileSystemSynchronizedBuildFileExceptionSet section */
		850E256E2CDF9FA5008226EF /* Exceptions for "EssentialProductsTests" folder in "EssentialProductsAPIEndToEndTests" target */ = {
			isa = PBXFileSystemSynchronizedBuildFileExceptionSet;
			membershipExceptions = (
				Helpers/SharedTestHelpers.swift,
				"Helpers/XCTestCase+trackForMemoryLeak.swift",
			);
			target = 8596370E2CDF99380053991C /* EssentialProductsAPIEndToEndTests */;
		};
		85519D1E2D5355BB0016BC6B /* Exceptions for "EssentialProductsTests" folder in "EssentialProductsiOSTests" target */ = {
			isa = PBXFileSystemSynchronizedBuildFileExceptionSet;
			membershipExceptions = (
				Helpers/SharedTestHelpers.swift,
				"Helpers/XCTestCase+trackForMemoryLeak.swift",
			);
			target = 85D2135B2D52548F0066F06B /* EssentialProductsiOSTests */;
		};
		85578B1D2CD284EA00DCD2BB /* Exceptions for "EssentialProducts" folder in "EssentialProducts" target */ = {
			isa = PBXFileSystemSynchronizedBuildFileExceptionSet;
			publicHeaders = (
				EssentialProducts.h,
			);
			target = 85578B0C2CD284E900DCD2BB /* EssentialProducts */;
		};
		8592783C2D7A00FE009DEA94 /* Exceptions for "EssentialsProductsApp" folder in "EssentialsProductsApp" target */ = {
			isa = PBXFileSystemSynchronizedBuildFileExceptionSet;
			membershipExceptions = (
				Info.plist,
			);
			target = 859278282D7A00FC009DEA94 /* EssentialsProductsApp */;
		};
		85A228B32D2EFCEE0046EFC0 /* Exceptions for "EssentialProductsTests" folder in "EssentialProductsCacheIntegrationTests" target */ = {
			isa = PBXFileSystemSynchronizedBuildFileExceptionSet;
			membershipExceptions = (
				Helpers/SharedTestHelpers.swift,
				"Helpers/XCTestCase+trackForMemoryLeak.swift",
				"Products Cache/Helpers/ProductCacheTestHelper.swift",
			);
			target = 85A228A62D2EF9900046EFC0 /* EssentialProductsCacheIntegrationTests */;
		};
/* End PBXFileSystemSynchronizedBuildFileExceptionSet section */

/* Begin PBXFileSystemSynchronizedRootGroup section */
		85578B0F2CD284EA00DCD2BB /* EssentialProducts */ = {
			isa = PBXFileSystemSynchronizedRootGroup;
			exceptions = (
				85578B1D2CD284EA00DCD2BB /* Exceptions for "EssentialProducts" folder in "EssentialProducts" target */,
			);
			path = EssentialProducts;
			sourceTree = "<group>";
		};
		85578B192CD284EA00DCD2BB /* EssentialProductsTests */ = {
			isa = PBXFileSystemSynchronizedRootGroup;
			exceptions = (
				850E256E2CDF9FA5008226EF /* Exceptions for "EssentialProductsTests" folder in "EssentialProductsAPIEndToEndTests" target */,
				85A228B32D2EFCEE0046EFC0 /* Exceptions for "EssentialProductsTests" folder in "EssentialProductsCacheIntegrationTests" target */,
				85519D1E2D5355BB0016BC6B /* Exceptions for "EssentialProductsTests" folder in "EssentialProductsiOSTests" target */,
			);
			path = EssentialProductsTests;
			sourceTree = "<group>";
		};
		8592782A2D7A00FC009DEA94 /* EssentialsProductsApp */ = {
			isa = PBXFileSystemSynchronizedRootGroup;
			exceptions = (
				8592783C2D7A00FE009DEA94 /* Exceptions for "EssentialsProductsApp" folder in "EssentialsProductsApp" target */,
			);
			path = EssentialsProductsApp;
			sourceTree = "<group>";
		};
		859637102CDF99380053991C /* EssentialProductsAPIEndToEndTests */ = {
			isa = PBXFileSystemSynchronizedRootGroup;
			path = EssentialProductsAPIEndToEndTests;
			sourceTree = "<group>";
		};
		85A228A82D2EF9900046EFC0 /* EssentialProductsCacheIntegrationTests */ = {
			isa = PBXFileSystemSynchronizedRootGroup;
			path = EssentialProductsCacheIntegrationTests;
			sourceTree = "<group>";
		};
		85D213562D52548F0066F06B /* EssentialProductsiOS */ = {
			isa = PBXFileSystemSynchronizedRootGroup;
			path = EssentialProductsiOS;
			sourceTree = "<group>";
		};
		85D213602D52548F0066F06B /* EssentialProductsiOSTests */ = {
			isa = PBXFileSystemSynchronizedRootGroup;
			path = EssentialProductsiOSTests;
			sourceTree = "<group>";
		};
/* End PBXFileSystemSynchronizedRootGroup section */

/* Begin PBXFrameworksBuildPhase section */
		85578B0A2CD284E900DCD2BB /* Frameworks */ = {
			isa = PBXFrameworksBuildPhase;
			buildActionMask = 2147483647;
			files = (
			);
			runOnlyForDeploymentPostprocessing = 0;
		};
		85578B122CD284EA00DCD2BB /* Frameworks */ = {
			isa = PBXFrameworksBuildPhase;
			buildActionMask = 2147483647;
			files = (
				85578B162CD284EA00DCD2BB /* EssentialProducts.framework in Frameworks */,
			);
			runOnlyForDeploymentPostprocessing = 0;
		};
		859278262D7A00FC009DEA94 /* Frameworks */ = {
			isa = PBXFrameworksBuildPhase;
			buildActionMask = 2147483647;
			files = (
			);
			runOnlyForDeploymentPostprocessing = 0;
		};
		8596370C2CDF99380053991C /* Frameworks */ = {
			isa = PBXFrameworksBuildPhase;
			buildActionMask = 2147483647;
			files = (
				859637132CDF99380053991C /* EssentialProducts.framework in Frameworks */,
			);
			runOnlyForDeploymentPostprocessing = 0;
		};
		85A228A42D2EF9900046EFC0 /* Frameworks */ = {
			isa = PBXFrameworksBuildPhase;
			buildActionMask = 2147483647;
			files = (
				85A228AB2D2EF9900046EFC0 /* EssentialProducts.framework in Frameworks */,
			);
			runOnlyForDeploymentPostprocessing = 0;
		};
		85D213522D52548F0066F06B /* Frameworks */ = {
			isa = PBXFrameworksBuildPhase;
			buildActionMask = 2147483647;
			files = (
				85519D182D53541E0016BC6B /* EssentialProducts.framework in Frameworks */,
			);
			runOnlyForDeploymentPostprocessing = 0;
		};
		85D213592D52548F0066F06B /* Frameworks */ = {
			isa = PBXFrameworksBuildPhase;
			buildActionMask = 2147483647;
			files = (
				85D2135D2D52548F0066F06B /* EssentialProductsiOS.framework in Frameworks */,
			);
			runOnlyForDeploymentPostprocessing = 0;
		};
/* End PBXFrameworksBuildPhase section */

/* Begin PBXGroup section */
		85519D172D53541E0016BC6B /* Frameworks */ = {
			isa = PBXGroup;
			children = (
			);
			name = Frameworks;
			sourceTree = "<group>";
		};
		85578B032CD284E900DCD2BB = {
			isa = PBXGroup;
			children = (
				85519D162D53505C0016BC6B /* EssentialProductsiOSTests.xctestplan */,
				85519CFF2D5256AC0016BC6B /* CI_iOS.xctestplan */,
				85D2136B2D5254FA0066F06B /* EssentialProductsiOS.xctestplan */,
				85A228B12D2EF9AF0046EFC0 /* EssentialProductsCacheIntegrationTests.xctestplan */,
				85DE247A2CDFA4E800820519 /* CI.xctestplan */,
				859637192CDF9ADD0053991C /* EssentialProductsAPIEndToEndTests.xctestplan */,
				8596370A2CDF4ADE0053991C /* EssentialProductsTests.xctestplan */,
				85CAAA802CD556DA00D2F5B4 /* EssentialProducts.xctestplan */,
				85578B0F2CD284EA00DCD2BB /* EssentialProducts */,
				85578B192CD284EA00DCD2BB /* EssentialProductsTests */,
				859637102CDF99380053991C /* EssentialProductsAPIEndToEndTests */,
				85A228A82D2EF9900046EFC0 /* EssentialProductsCacheIntegrationTests */,
				85D213562D52548F0066F06B /* EssentialProductsiOS */,
				85D213602D52548F0066F06B /* EssentialProductsiOSTests */,
				8592782A2D7A00FC009DEA94 /* EssentialsProductsApp */,
				85519D172D53541E0016BC6B /* Frameworks */,
				85578B0E2CD284EA00DCD2BB /* Products */,
			);
			sourceTree = "<group>";
		};
		85578B0E2CD284EA00DCD2BB /* Products */ = {
			isa = PBXGroup;
			children = (
				85578B0D2CD284EA00DCD2BB /* EssentialProducts.framework */,
				85578B152CD284EA00DCD2BB /* EssentialProductsTests.xctest */,
				8596370F2CDF99380053991C /* EssentialProductsAPIEndToEndTests.xctest */,
				85A228A72D2EF9900046EFC0 /* EssentialProductsCacheIntegrationTests.xctest */,
				85D213552D52548F0066F06B /* EssentialProductsiOS.framework */,
				85D2135C2D52548F0066F06B /* EssentialProductsiOSTests.xctest */,
				859278292D7A00FC009DEA94 /* EssentialsProductsApp.app */,
			);
			name = Products;
			sourceTree = "<group>";
		};
/* End PBXGroup section */

/* Begin PBXHeadersBuildPhase section */
		85578B082CD284E900DCD2BB /* Headers */ = {
			isa = PBXHeadersBuildPhase;
			buildActionMask = 2147483647;
			files = (
			);
			runOnlyForDeploymentPostprocessing = 0;
		};
		85D213502D52548F0066F06B /* Headers */ = {
			isa = PBXHeadersBuildPhase;
			buildActionMask = 2147483647;
			files = (
			);
			runOnlyForDeploymentPostprocessing = 0;
		};
/* End PBXHeadersBuildPhase section */

/* Begin PBXNativeTarget section */
		85578B0C2CD284E900DCD2BB /* EssentialProducts */ = {
			isa = PBXNativeTarget;
			buildConfigurationList = 85578B1E2CD284EA00DCD2BB /* Build configuration list for PBXNativeTarget "EssentialProducts" */;
			buildPhases = (
				85578B082CD284E900DCD2BB /* Headers */,
				85578B092CD284E900DCD2BB /* Sources */,
				85578B0A2CD284E900DCD2BB /* Frameworks */,
				85578B0B2CD284E900DCD2BB /* Resources */,
			);
			buildRules = (
			);
			dependencies = (
			);
			fileSystemSynchronizedGroups = (
				85578B0F2CD284EA00DCD2BB /* EssentialProducts */,
			);
			name = EssentialProducts;
			packageProductDependencies = (
			);
			productName = EssentialProducts;
			productReference = 85578B0D2CD284EA00DCD2BB /* EssentialProducts.framework */;
			productType = "com.apple.product-type.framework";
		};
		85578B142CD284EA00DCD2BB /* EssentialProductsTests */ = {
			isa = PBXNativeTarget;
			buildConfigurationList = 85578B232CD284EA00DCD2BB /* Build configuration list for PBXNativeTarget "EssentialProductsTests" */;
			buildPhases = (
				85578B112CD284EA00DCD2BB /* Sources */,
				85578B122CD284EA00DCD2BB /* Frameworks */,
				85578B132CD284EA00DCD2BB /* Resources */,
			);
			buildRules = (
			);
			dependencies = (
				85578B182CD284EA00DCD2BB /* PBXTargetDependency */,
			);
			fileSystemSynchronizedGroups = (
				85578B192CD284EA00DCD2BB /* EssentialProductsTests */,
			);
			name = EssentialProductsTests;
			packageProductDependencies = (
			);
			productName = EssentialProductsTests;
			productReference = 85578B152CD284EA00DCD2BB /* EssentialProductsTests.xctest */;
			productType = "com.apple.product-type.bundle.unit-test";
		};
		859278282D7A00FC009DEA94 /* EssentialsProductsApp */ = {
			isa = PBXNativeTarget;
			buildConfigurationList = 8592783D2D7A00FE009DEA94 /* Build configuration list for PBXNativeTarget "EssentialsProductsApp" */;
			buildPhases = (
				859278252D7A00FC009DEA94 /* Sources */,
				859278262D7A00FC009DEA94 /* Frameworks */,
				859278272D7A00FC009DEA94 /* Resources */,
			);
			buildRules = (
			);
			dependencies = (
			);
			fileSystemSynchronizedGroups = (
				8592782A2D7A00FC009DEA94 /* EssentialsProductsApp */,
			);
			name = EssentialsProductsApp;
			packageProductDependencies = (
			);
			productName = EssentialsProductsApp;
			productReference = 859278292D7A00FC009DEA94 /* EssentialsProductsApp.app */;
			productType = "com.apple.product-type.application";
		};
		8596370E2CDF99380053991C /* EssentialProductsAPIEndToEndTests */ = {
			isa = PBXNativeTarget;
			buildConfigurationList = 859637162CDF99380053991C /* Build configuration list for PBXNativeTarget "EssentialProductsAPIEndToEndTests" */;
			buildPhases = (
				8596370B2CDF99380053991C /* Sources */,
				8596370C2CDF99380053991C /* Frameworks */,
				8596370D2CDF99380053991C /* Resources */,
			);
			buildRules = (
			);
			dependencies = (
				859637152CDF99380053991C /* PBXTargetDependency */,
			);
			fileSystemSynchronizedGroups = (
				859637102CDF99380053991C /* EssentialProductsAPIEndToEndTests */,
			);
			name = EssentialProductsAPIEndToEndTests;
			packageProductDependencies = (
			);
			productName = EssentialProductsAPIEndToEndTests;
			productReference = 8596370F2CDF99380053991C /* EssentialProductsAPIEndToEndTests.xctest */;
			productType = "com.apple.product-type.bundle.unit-test";
		};
		85A228A62D2EF9900046EFC0 /* EssentialProductsCacheIntegrationTests */ = {
			isa = PBXNativeTarget;
			buildConfigurationList = 85A228AE2D2EF9900046EFC0 /* Build configuration list for PBXNativeTarget "EssentialProductsCacheIntegrationTests" */;
			buildPhases = (
				85A228A32D2EF9900046EFC0 /* Sources */,
				85A228A42D2EF9900046EFC0 /* Frameworks */,
				85A228A52D2EF9900046EFC0 /* Resources */,
			);
			buildRules = (
			);
			dependencies = (
				85A228AD2D2EF9900046EFC0 /* PBXTargetDependency */,
			);
			fileSystemSynchronizedGroups = (
				85A228A82D2EF9900046EFC0 /* EssentialProductsCacheIntegrationTests */,
			);
			name = EssentialProductsCacheIntegrationTests;
			packageProductDependencies = (
			);
			productName = EssentialProductsCacheIntegrationTests;
			productReference = 85A228A72D2EF9900046EFC0 /* EssentialProductsCacheIntegrationTests.xctest */;
			productType = "com.apple.product-type.bundle.unit-test";
		};
		85D213542D52548F0066F06B /* EssentialProductsiOS */ = {
			isa = PBXNativeTarget;
			buildConfigurationList = 85D213652D52548F0066F06B /* Build configuration list for PBXNativeTarget "EssentialProductsiOS" */;
			buildPhases = (
				85D213502D52548F0066F06B /* Headers */,
				85D213512D52548F0066F06B /* Sources */,
				85D213522D52548F0066F06B /* Frameworks */,
				85D213532D52548F0066F06B /* Resources */,
				85519D1C2D53541E0016BC6B /* Embed Frameworks */,
			);
			buildRules = (
			);
			dependencies = (
				85519D1B2D53541E0016BC6B /* PBXTargetDependency */,
			);
			fileSystemSynchronizedGroups = (
				85D213562D52548F0066F06B /* EssentialProductsiOS */,
			);
			name = EssentialProductsiOS;
			packageProductDependencies = (
			);
			productName = EssentialProductsiOS;
			productReference = 85D213552D52548F0066F06B /* EssentialProductsiOS.framework */;
			productType = "com.apple.product-type.framework";
		};
		85D2135B2D52548F0066F06B /* EssentialProductsiOSTests */ = {
			isa = PBXNativeTarget;
			buildConfigurationList = 85D213682D52548F0066F06B /* Build configuration list for PBXNativeTarget "EssentialProductsiOSTests" */;
			buildPhases = (
				85D213582D52548F0066F06B /* Sources */,
				85D213592D52548F0066F06B /* Frameworks */,
				85D2135A2D52548F0066F06B /* Resources */,
			);
			buildRules = (
			);
			dependencies = (
				85D2135F2D52548F0066F06B /* PBXTargetDependency */,
			);
			fileSystemSynchronizedGroups = (
				85D213602D52548F0066F06B /* EssentialProductsiOSTests */,
			);
			name = EssentialProductsiOSTests;
			packageProductDependencies = (
			);
			productName = EssentialProductsiOSTests;
			productReference = 85D2135C2D52548F0066F06B /* EssentialProductsiOSTests.xctest */;
			productType = "com.apple.product-type.bundle.unit-test";
		};
/* End PBXNativeTarget section */

/* Begin PBXProject section */
		85578B042CD284E900DCD2BB /* Project object */ = {
			isa = PBXProject;
			attributes = {
				BuildIndependentTargetsInParallel = 1;
				LastSwiftUpdateCheck = 1620;
				LastUpgradeCheck = 1610;
				TargetAttributes = {
					85578B0C2CD284E900DCD2BB = {
						CreatedOnToolsVersion = 16.1;
						LastSwiftMigration = 1610;
					};
					85578B142CD284EA00DCD2BB = {
						CreatedOnToolsVersion = 16.1;
						LastSwiftMigration = 1610;
					};
					859278282D7A00FC009DEA94 = {
						CreatedOnToolsVersion = 16.2;
					};
					8596370E2CDF99380053991C = {
						CreatedOnToolsVersion = 16.1;
					};
					85A228A62D2EF9900046EFC0 = {
						CreatedOnToolsVersion = 16.2;
					};
					85D213542D52548F0066F06B = {
						CreatedOnToolsVersion = 16.2;
						LastSwiftMigration = 1620;
					};
					85D2135B2D52548F0066F06B = {
						CreatedOnToolsVersion = 16.2;
						LastSwiftMigration = 1620;
					};
				};
			};
			buildConfigurationList = 85578B072CD284E900DCD2BB /* Build configuration list for PBXProject "EssentialProducts" */;
			developmentRegion = en;
			hasScannedForEncodings = 0;
			knownRegions = (
				en,
				Base,
				it,
			);
			mainGroup = 85578B032CD284E900DCD2BB;
			minimizedProjectReferenceProxies = 1;
			preferredProjectObjectVersion = 77;
			productRefGroup = 85578B0E2CD284EA00DCD2BB /* Products */;
			projectDirPath = "";
			projectRoot = "";
			targets = (
				85578B0C2CD284E900DCD2BB /* EssentialProducts */,
				85578B142CD284EA00DCD2BB /* EssentialProductsTests */,
				8596370E2CDF99380053991C /* EssentialProductsAPIEndToEndTests */,
				85A228A62D2EF9900046EFC0 /* EssentialProductsCacheIntegrationTests */,
				85D213542D52548F0066F06B /* EssentialProductsiOS */,
				85D2135B2D52548F0066F06B /* EssentialProductsiOSTests */,
				859278282D7A00FC009DEA94 /* EssentialsProductsApp */,
			);
		};
/* End PBXProject section */

/* Begin PBXResourcesBuildPhase section */
		85578B0B2CD284E900DCD2BB /* Resources */ = {
			isa = PBXResourcesBuildPhase;
			buildActionMask = 2147483647;
			files = (
			);
			runOnlyForDeploymentPostprocessing = 0;
		};
		85578B132CD284EA00DCD2BB /* Resources */ = {
			isa = PBXResourcesBuildPhase;
			buildActionMask = 2147483647;
			files = (
			);
			runOnlyForDeploymentPostprocessing = 0;
		};
		859278272D7A00FC009DEA94 /* Resources */ = {
			isa = PBXResourcesBuildPhase;
			buildActionMask = 2147483647;
			files = (
			);
			runOnlyForDeploymentPostprocessing = 0;
		};
		8596370D2CDF99380053991C /* Resources */ = {
			isa = PBXResourcesBuildPhase;
			buildActionMask = 2147483647;
			files = (
			);
			runOnlyForDeploymentPostprocessing = 0;
		};
		85A228A52D2EF9900046EFC0 /* Resources */ = {
			isa = PBXResourcesBuildPhase;
			buildActionMask = 2147483647;
			files = (
			);
			runOnlyForDeploymentPostprocessing = 0;
		};
		85D213532D52548F0066F06B /* Resources */ = {
			isa = PBXResourcesBuildPhase;
			buildActionMask = 2147483647;
			files = (
			);
			runOnlyForDeploymentPostprocessing = 0;
		};
		85D2135A2D52548F0066F06B /* Resources */ = {
			isa = PBXResourcesBuildPhase;
			buildActionMask = 2147483647;
			files = (
			);
			runOnlyForDeploymentPostprocessing = 0;
		};
/* End PBXResourcesBuildPhase section */

/* Begin PBXSourcesBuildPhase section */
		85578B092CD284E900DCD2BB /* Sources */ = {
			isa = PBXSourcesBuildPhase;
			buildActionMask = 2147483647;
			files = (
			);
			runOnlyForDeploymentPostprocessing = 0;
		};
		85578B112CD284EA00DCD2BB /* Sources */ = {
			isa = PBXSourcesBuildPhase;
			buildActionMask = 2147483647;
			files = (
			);
			runOnlyForDeploymentPostprocessing = 0;
		};
		859278252D7A00FC009DEA94 /* Sources */ = {
			isa = PBXSourcesBuildPhase;
			buildActionMask = 2147483647;
			files = (
			);
			runOnlyForDeploymentPostprocessing = 0;
		};
		8596370B2CDF99380053991C /* Sources */ = {
			isa = PBXSourcesBuildPhase;
			buildActionMask = 2147483647;
			files = (
			);
			runOnlyForDeploymentPostprocessing = 0;
		};
		85A228A32D2EF9900046EFC0 /* Sources */ = {
			isa = PBXSourcesBuildPhase;
			buildActionMask = 2147483647;
			files = (
			);
			runOnlyForDeploymentPostprocessing = 0;
		};
		85D213512D52548F0066F06B /* Sources */ = {
			isa = PBXSourcesBuildPhase;
			buildActionMask = 2147483647;
			files = (
			);
			runOnlyForDeploymentPostprocessing = 0;
		};
		85D213582D52548F0066F06B /* Sources */ = {
			isa = PBXSourcesBuildPhase;
			buildActionMask = 2147483647;
			files = (
			);
			runOnlyForDeploymentPostprocessing = 0;
		};
/* End PBXSourcesBuildPhase section */

/* Begin PBXTargetDependency section */
		85519D1B2D53541E0016BC6B /* PBXTargetDependency */ = {
			isa = PBXTargetDependency;
			platformFilter = ios;
			target = 85578B0C2CD284E900DCD2BB /* EssentialProducts */;
			targetProxy = 85519D1A2D53541E0016BC6B /* PBXContainerItemProxy */;
		};
		85578B182CD284EA00DCD2BB /* PBXTargetDependency */ = {
			isa = PBXTargetDependency;
			target = 85578B0C2CD284E900DCD2BB /* EssentialProducts */;
			targetProxy = 85578B172CD284EA00DCD2BB /* PBXContainerItemProxy */;
		};
		859637152CDF99380053991C /* PBXTargetDependency */ = {
			isa = PBXTargetDependency;
			target = 85578B0C2CD284E900DCD2BB /* EssentialProducts */;
			targetProxy = 859637142CDF99380053991C /* PBXContainerItemProxy */;
		};
		85A228AD2D2EF9900046EFC0 /* PBXTargetDependency */ = {
			isa = PBXTargetDependency;
			target = 85578B0C2CD284E900DCD2BB /* EssentialProducts */;
			targetProxy = 85A228AC2D2EF9900046EFC0 /* PBXContainerItemProxy */;
		};
		85D2135F2D52548F0066F06B /* PBXTargetDependency */ = {
			isa = PBXTargetDependency;
			target = 85D213542D52548F0066F06B /* EssentialProductsiOS */;
			targetProxy = 85D2135E2D52548F0066F06B /* PBXContainerItemProxy */;
		};
/* End PBXTargetDependency section */

/* Begin XCBuildConfiguration section */
		85578B1F2CD284EA00DCD2BB /* Debug */ = {
			isa = XCBuildConfiguration;
			buildSettings = {
				BUILD_LIBRARY_FOR_DISTRIBUTION = YES;
				CLANG_ENABLE_MODULES = YES;
				CODE_SIGN_STYLE = Automatic;
				COMBINE_HIDPI_IMAGES = YES;
				CURRENT_PROJECT_VERSION = 1;
				DEFINES_MODULE = YES;
				DEVELOPMENT_TEAM = 274M6WJ8NT;
				DYLIB_COMPATIBILITY_VERSION = 1;
				DYLIB_CURRENT_VERSION = 1;
				DYLIB_INSTALL_NAME_BASE = "@rpath";
				ENABLE_MODULE_VERIFIER = YES;
				GENERATE_INFOPLIST_FILE = YES;
				INFOPLIST_KEY_NSHumanReadableCopyright = "";
				INSTALL_PATH = "$(LOCAL_LIBRARY_DIR)/Frameworks";
				LD_RUNPATH_SEARCH_PATHS = (
					"$(inherited)",
					"@executable_path/../Frameworks",
					"@loader_path/Frameworks",
				);
				MARKETING_VERSION = 1.0;
				MODULE_VERIFIER_SUPPORTED_LANGUAGES = "objective-c objective-c++";
				MODULE_VERIFIER_SUPPORTED_LANGUAGE_STANDARDS = "gnu17 gnu++20";
				PRODUCT_BUNDLE_IDENTIFIER = com.matteocasu.EssentialProducts;
				PRODUCT_NAME = "$(TARGET_NAME:c99extidentifier)";
				SKIP_INSTALL = YES;
				SUPPORTED_PLATFORMS = "macosx iphoneos iphonesimulator";
				SWIFT_EMIT_LOC_STRINGS = YES;
				SWIFT_INSTALL_OBJC_HEADER = NO;
				SWIFT_OPTIMIZATION_LEVEL = "-Onone";
				SWIFT_VERSION = 5.0;
			};
			name = Debug;
		};
		85578B202CD284EA00DCD2BB /* Release */ = {
			isa = XCBuildConfiguration;
			buildSettings = {
				BUILD_LIBRARY_FOR_DISTRIBUTION = YES;
				CLANG_ENABLE_MODULES = YES;
				CODE_SIGN_STYLE = Automatic;
				COMBINE_HIDPI_IMAGES = YES;
				CURRENT_PROJECT_VERSION = 1;
				DEFINES_MODULE = YES;
				DEVELOPMENT_TEAM = 274M6WJ8NT;
				DYLIB_COMPATIBILITY_VERSION = 1;
				DYLIB_CURRENT_VERSION = 1;
				DYLIB_INSTALL_NAME_BASE = "@rpath";
				ENABLE_MODULE_VERIFIER = YES;
				GENERATE_INFOPLIST_FILE = YES;
				INFOPLIST_KEY_NSHumanReadableCopyright = "";
				INSTALL_PATH = "$(LOCAL_LIBRARY_DIR)/Frameworks";
				LD_RUNPATH_SEARCH_PATHS = (
					"$(inherited)",
					"@executable_path/../Frameworks",
					"@loader_path/Frameworks",
				);
				MARKETING_VERSION = 1.0;
				MODULE_VERIFIER_SUPPORTED_LANGUAGES = "objective-c objective-c++";
				MODULE_VERIFIER_SUPPORTED_LANGUAGE_STANDARDS = "gnu17 gnu++20";
				PRODUCT_BUNDLE_IDENTIFIER = com.matteocasu.EssentialProducts;
				PRODUCT_NAME = "$(TARGET_NAME:c99extidentifier)";
				SKIP_INSTALL = YES;
				SUPPORTED_PLATFORMS = "macosx iphoneos iphonesimulator";
				SWIFT_EMIT_LOC_STRINGS = YES;
				SWIFT_INSTALL_OBJC_HEADER = NO;
				SWIFT_VERSION = 5.0;
			};
			name = Release;
		};
		85578B212CD284EA00DCD2BB /* Debug */ = {
			isa = XCBuildConfiguration;
			buildSettings = {
				ALWAYS_SEARCH_USER_PATHS = NO;
				ASSETCATALOG_COMPILER_GENERATE_SWIFT_ASSET_SYMBOL_EXTENSIONS = YES;
				CLANG_ANALYZER_NONNULL = YES;
				CLANG_ANALYZER_NUMBER_OBJECT_CONVERSION = YES_AGGRESSIVE;
				CLANG_CXX_LANGUAGE_STANDARD = "gnu++20";
				CLANG_ENABLE_MODULES = YES;
				CLANG_ENABLE_OBJC_ARC = YES;
				CLANG_ENABLE_OBJC_WEAK = YES;
				CLANG_WARN_BLOCK_CAPTURE_AUTORELEASING = YES;
				CLANG_WARN_BOOL_CONVERSION = YES;
				CLANG_WARN_COMMA = YES;
				CLANG_WARN_CONSTANT_CONVERSION = YES;
				CLANG_WARN_DEPRECATED_OBJC_IMPLEMENTATIONS = YES;
				CLANG_WARN_DIRECT_OBJC_ISA_USAGE = YES_ERROR;
				CLANG_WARN_DOCUMENTATION_COMMENTS = YES;
				CLANG_WARN_EMPTY_BODY = YES;
				CLANG_WARN_ENUM_CONVERSION = YES;
				CLANG_WARN_INFINITE_RECURSION = YES;
				CLANG_WARN_INT_CONVERSION = YES;
				CLANG_WARN_NON_LITERAL_NULL_CONVERSION = YES;
				CLANG_WARN_OBJC_IMPLICIT_RETAIN_SELF = YES;
				CLANG_WARN_OBJC_LITERAL_CONVERSION = YES;
				CLANG_WARN_OBJC_ROOT_CLASS = YES_ERROR;
				CLANG_WARN_QUOTED_INCLUDE_IN_FRAMEWORK_HEADER = YES;
				CLANG_WARN_RANGE_LOOP_ANALYSIS = YES;
				CLANG_WARN_STRICT_PROTOTYPES = YES;
				CLANG_WARN_SUSPICIOUS_MOVE = YES;
				CLANG_WARN_UNGUARDED_AVAILABILITY = YES_AGGRESSIVE;
				CLANG_WARN_UNREACHABLE_CODE = YES;
				CLANG_WARN__DUPLICATE_METHOD_MATCH = YES;
				COPY_PHASE_STRIP = NO;
				CURRENT_PROJECT_VERSION = 1;
				DEBUG_INFORMATION_FORMAT = dwarf;
				ENABLE_STRICT_OBJC_MSGSEND = YES;
				ENABLE_TESTABILITY = YES;
				ENABLE_USER_SCRIPT_SANDBOXING = YES;
				GCC_C_LANGUAGE_STANDARD = gnu17;
				GCC_DYNAMIC_NO_PIC = NO;
				GCC_NO_COMMON_BLOCKS = YES;
				GCC_OPTIMIZATION_LEVEL = 0;
				GCC_PREPROCESSOR_DEFINITIONS = (
					"DEBUG=1",
					"$(inherited)",
				);
				GCC_WARN_64_TO_32_BIT_CONVERSION = YES;
				GCC_WARN_ABOUT_RETURN_TYPE = YES_ERROR;
				GCC_WARN_UNDECLARED_SELECTOR = YES;
				GCC_WARN_UNINITIALIZED_AUTOS = YES_AGGRESSIVE;
				GCC_WARN_UNUSED_FUNCTION = YES;
				GCC_WARN_UNUSED_VARIABLE = YES;
				LOCALIZATION_PREFERS_STRING_CATALOGS = YES;
				MACOSX_DEPLOYMENT_TARGET = 15.1;
				MTL_ENABLE_DEBUG_INFO = INCLUDE_SOURCE;
				MTL_FAST_MATH = YES;
				ONLY_ACTIVE_ARCH = YES;
				SDKROOT = macosx;
				SWIFT_ACTIVE_COMPILATION_CONDITIONS = "DEBUG $(inherited)";
				SWIFT_EMIT_LOC_STRINGS = YES;
				SWIFT_OPTIMIZATION_LEVEL = "-Onone";
				VERSIONING_SYSTEM = "apple-generic";
				VERSION_INFO_PREFIX = "";
			};
			name = Debug;
		};
		85578B222CD284EA00DCD2BB /* Release */ = {
			isa = XCBuildConfiguration;
			buildSettings = {
				ALWAYS_SEARCH_USER_PATHS = NO;
				ASSETCATALOG_COMPILER_GENERATE_SWIFT_ASSET_SYMBOL_EXTENSIONS = YES;
				CLANG_ANALYZER_NONNULL = YES;
				CLANG_ANALYZER_NUMBER_OBJECT_CONVERSION = YES_AGGRESSIVE;
				CLANG_CXX_LANGUAGE_STANDARD = "gnu++20";
				CLANG_ENABLE_MODULES = YES;
				CLANG_ENABLE_OBJC_ARC = YES;
				CLANG_ENABLE_OBJC_WEAK = YES;
				CLANG_WARN_BLOCK_CAPTURE_AUTORELEASING = YES;
				CLANG_WARN_BOOL_CONVERSION = YES;
				CLANG_WARN_COMMA = YES;
				CLANG_WARN_CONSTANT_CONVERSION = YES;
				CLANG_WARN_DEPRECATED_OBJC_IMPLEMENTATIONS = YES;
				CLANG_WARN_DIRECT_OBJC_ISA_USAGE = YES_ERROR;
				CLANG_WARN_DOCUMENTATION_COMMENTS = YES;
				CLANG_WARN_EMPTY_BODY = YES;
				CLANG_WARN_ENUM_CONVERSION = YES;
				CLANG_WARN_INFINITE_RECURSION = YES;
				CLANG_WARN_INT_CONVERSION = YES;
				CLANG_WARN_NON_LITERAL_NULL_CONVERSION = YES;
				CLANG_WARN_OBJC_IMPLICIT_RETAIN_SELF = YES;
				CLANG_WARN_OBJC_LITERAL_CONVERSION = YES;
				CLANG_WARN_OBJC_ROOT_CLASS = YES_ERROR;
				CLANG_WARN_QUOTED_INCLUDE_IN_FRAMEWORK_HEADER = YES;
				CLANG_WARN_RANGE_LOOP_ANALYSIS = YES;
				CLANG_WARN_STRICT_PROTOTYPES = YES;
				CLANG_WARN_SUSPICIOUS_MOVE = YES;
				CLANG_WARN_UNGUARDED_AVAILABILITY = YES_AGGRESSIVE;
				CLANG_WARN_UNREACHABLE_CODE = YES;
				CLANG_WARN__DUPLICATE_METHOD_MATCH = YES;
				COPY_PHASE_STRIP = NO;
				CURRENT_PROJECT_VERSION = 1;
				DEBUG_INFORMATION_FORMAT = "dwarf-with-dsym";
				ENABLE_NS_ASSERTIONS = NO;
				ENABLE_STRICT_OBJC_MSGSEND = YES;
				ENABLE_USER_SCRIPT_SANDBOXING = YES;
				GCC_C_LANGUAGE_STANDARD = gnu17;
				GCC_NO_COMMON_BLOCKS = YES;
				GCC_WARN_64_TO_32_BIT_CONVERSION = YES;
				GCC_WARN_ABOUT_RETURN_TYPE = YES_ERROR;
				GCC_WARN_UNDECLARED_SELECTOR = YES;
				GCC_WARN_UNINITIALIZED_AUTOS = YES_AGGRESSIVE;
				GCC_WARN_UNUSED_FUNCTION = YES;
				GCC_WARN_UNUSED_VARIABLE = YES;
				LOCALIZATION_PREFERS_STRING_CATALOGS = YES;
				MACOSX_DEPLOYMENT_TARGET = 15.1;
				MTL_ENABLE_DEBUG_INFO = NO;
				MTL_FAST_MATH = YES;
				SDKROOT = macosx;
				SWIFT_COMPILATION_MODE = wholemodule;
				SWIFT_EMIT_LOC_STRINGS = YES;
				VERSIONING_SYSTEM = "apple-generic";
				VERSION_INFO_PREFIX = "";
			};
			name = Release;
		};
		85578B242CD284EA00DCD2BB /* Debug */ = {
			isa = XCBuildConfiguration;
			buildSettings = {
				CLANG_ENABLE_MODULES = YES;
				CODE_SIGN_STYLE = Automatic;
				CURRENT_PROJECT_VERSION = 1;
				DEVELOPMENT_TEAM = 274M6WJ8NT;
				GENERATE_INFOPLIST_FILE = YES;
				MARKETING_VERSION = 1.0;
				PRODUCT_BUNDLE_IDENTIFIER = com.matteocasu.EssentialProductsTests;
				PRODUCT_NAME = "$(TARGET_NAME)";
				SUPPORTED_PLATFORMS = "macosx iphonesimulator iphoneos";
				SWIFT_EMIT_LOC_STRINGS = NO;
				SWIFT_OPTIMIZATION_LEVEL = "-Onone";
				SWIFT_VERSION = 5.0;
			};
			name = Debug;
		};
		85578B252CD284EA00DCD2BB /* Release */ = {
			isa = XCBuildConfiguration;
			buildSettings = {
				CLANG_ENABLE_MODULES = YES;
				CODE_SIGN_STYLE = Automatic;
				CURRENT_PROJECT_VERSION = 1;
				DEVELOPMENT_TEAM = 274M6WJ8NT;
				GENERATE_INFOPLIST_FILE = YES;
				MARKETING_VERSION = 1.0;
				PRODUCT_BUNDLE_IDENTIFIER = com.matteocasu.EssentialProductsTests;
				PRODUCT_NAME = "$(TARGET_NAME)";
				SUPPORTED_PLATFORMS = "macosx iphonesimulator iphoneos";
				SWIFT_EMIT_LOC_STRINGS = NO;
				SWIFT_VERSION = 5.0;
			};
			name = Release;
		};
		8592783A2D7A00FE009DEA94 /* Debug */ = {
			isa = XCBuildConfiguration;
			buildSettings = {
				ASSETCATALOG_COMPILER_APPICON_NAME = AppIcon;
				ASSETCATALOG_COMPILER_GLOBAL_ACCENT_COLOR_NAME = AccentColor;
				CODE_SIGN_STYLE = Automatic;
				CURRENT_PROJECT_VERSION = 1;
				DEVELOPMENT_TEAM = 274M6WJ8NT;
				GENERATE_INFOPLIST_FILE = YES;
				INFOPLIST_FILE = EssentialsProductsApp/Info.plist;
				INFOPLIST_KEY_UIApplicationSupportsIndirectInputEvents = YES;
				INFOPLIST_KEY_UILaunchStoryboardName = LaunchScreen;
				INFOPLIST_KEY_UISupportedInterfaceOrientations_iPad = "UIInterfaceOrientationPortrait UIInterfaceOrientationPortraitUpsideDown UIInterfaceOrientationLandscapeLeft UIInterfaceOrientationLandscapeRight";
				INFOPLIST_KEY_UISupportedInterfaceOrientations_iPhone = "UIInterfaceOrientationPortrait UIInterfaceOrientationLandscapeLeft UIInterfaceOrientationLandscapeRight";
				IPHONEOS_DEPLOYMENT_TARGET = 18.2;
				LD_RUNPATH_SEARCH_PATHS = (
					"$(inherited)",
					"@executable_path/Frameworks",
				);
				MARKETING_VERSION = 1.0;
				PRODUCT_BUNDLE_IDENTIFIER = com.matteocasu.EssentialsProductsApp;
				PRODUCT_NAME = "$(TARGET_NAME)";
				SDKROOT = iphoneos;
				SWIFT_EMIT_LOC_STRINGS = YES;
				SWIFT_VERSION = 5.0;
				TARGETED_DEVICE_FAMILY = "1,2";
			};
			name = Debug;
		};
		8592783B2D7A00FE009DEA94 /* Release */ = {
			isa = XCBuildConfiguration;
			buildSettings = {
				ASSETCATALOG_COMPILER_APPICON_NAME = AppIcon;
				ASSETCATALOG_COMPILER_GLOBAL_ACCENT_COLOR_NAME = AccentColor;
				CODE_SIGN_STYLE = Automatic;
				CURRENT_PROJECT_VERSION = 1;
				DEVELOPMENT_TEAM = 274M6WJ8NT;
				GENERATE_INFOPLIST_FILE = YES;
				INFOPLIST_FILE = EssentialsProductsApp/Info.plist;
				INFOPLIST_KEY_UIApplicationSupportsIndirectInputEvents = YES;
				INFOPLIST_KEY_UILaunchStoryboardName = LaunchScreen;
				INFOPLIST_KEY_UISupportedInterfaceOrientations_iPad = "UIInterfaceOrientationPortrait UIInterfaceOrientationPortraitUpsideDown UIInterfaceOrientationLandscapeLeft UIInterfaceOrientationLandscapeRight";
				INFOPLIST_KEY_UISupportedInterfaceOrientations_iPhone = "UIInterfaceOrientationPortrait UIInterfaceOrientationLandscapeLeft UIInterfaceOrientationLandscapeRight";
				IPHONEOS_DEPLOYMENT_TARGET = 18.2;
				LD_RUNPATH_SEARCH_PATHS = (
					"$(inherited)",
					"@executable_path/Frameworks",
				);
				MARKETING_VERSION = 1.0;
				PRODUCT_BUNDLE_IDENTIFIER = com.matteocasu.EssentialsProductsApp;
				PRODUCT_NAME = "$(TARGET_NAME)";
				SDKROOT = iphoneos;
				SWIFT_EMIT_LOC_STRINGS = YES;
				SWIFT_VERSION = 5.0;
				TARGETED_DEVICE_FAMILY = "1,2";
				VALIDATE_PRODUCT = YES;
			};
			name = Release;
		};
		859637172CDF99380053991C /* Debug */ = {
			isa = XCBuildConfiguration;
			buildSettings = {
				CODE_SIGN_STYLE = Automatic;
				CURRENT_PROJECT_VERSION = 1;
				DEVELOPMENT_TEAM = 274M6WJ8NT;
				GENERATE_INFOPLIST_FILE = YES;
				MARKETING_VERSION = 1.0;
				PRODUCT_BUNDLE_IDENTIFIER = com.matteocasu.EssentialProductsAPIEndToEndTests;
				PRODUCT_NAME = "$(TARGET_NAME)";
				SUPPORTED_PLATFORMS = "macosx iphoneos iphonesimulator";
				SWIFT_EMIT_LOC_STRINGS = NO;
				SWIFT_VERSION = 5.0;
			};
			name = Debug;
		};
		859637182CDF99380053991C /* Release */ = {
			isa = XCBuildConfiguration;
			buildSettings = {
				CODE_SIGN_STYLE = Automatic;
				CURRENT_PROJECT_VERSION = 1;
				DEVELOPMENT_TEAM = 274M6WJ8NT;
				GENERATE_INFOPLIST_FILE = YES;
				MARKETING_VERSION = 1.0;
				PRODUCT_BUNDLE_IDENTIFIER = com.matteocasu.EssentialProductsAPIEndToEndTests;
				PRODUCT_NAME = "$(TARGET_NAME)";
				SUPPORTED_PLATFORMS = "macosx iphoneos iphonesimulator";
				SWIFT_EMIT_LOC_STRINGS = NO;
				SWIFT_VERSION = 5.0;
			};
			name = Release;
		};
		85A228AF2D2EF9900046EFC0 /* Debug */ = {
			isa = XCBuildConfiguration;
			buildSettings = {
				CODE_SIGN_STYLE = Automatic;
				CURRENT_PROJECT_VERSION = 1;
				DEVELOPMENT_TEAM = 274M6WJ8NT;
				GENERATE_INFOPLIST_FILE = YES;
				MACOSX_DEPLOYMENT_TARGET = 15.2;
				MARKETING_VERSION = 1.0;
				PRODUCT_BUNDLE_IDENTIFIER = com.matteocasu.EssentialProductsCacheIntegrationTests;
				PRODUCT_NAME = "$(TARGET_NAME)";
				SUPPORTED_PLATFORMS = "macosx iphonesimulator iphoneos";
				SWIFT_EMIT_LOC_STRINGS = NO;
				SWIFT_VERSION = 5.0;
			};
			name = Debug;
		};
		85A228B02D2EF9900046EFC0 /* Release */ = {
			isa = XCBuildConfiguration;
			buildSettings = {
				CODE_SIGN_STYLE = Automatic;
				CURRENT_PROJECT_VERSION = 1;
				DEVELOPMENT_TEAM = 274M6WJ8NT;
				GENERATE_INFOPLIST_FILE = YES;
				MACOSX_DEPLOYMENT_TARGET = 15.2;
				MARKETING_VERSION = 1.0;
				PRODUCT_BUNDLE_IDENTIFIER = com.matteocasu.EssentialProductsCacheIntegrationTests;
				PRODUCT_NAME = "$(TARGET_NAME)";
				SUPPORTED_PLATFORMS = "macosx iphonesimulator iphoneos";
				SWIFT_EMIT_LOC_STRINGS = NO;
				SWIFT_VERSION = 5.0;
			};
			name = Release;
		};
		85D213662D52548F0066F06B /* Debug */ = {
			isa = XCBuildConfiguration;
			buildSettings = {
				BUILD_LIBRARY_FOR_DISTRIBUTION = YES;
				CLANG_ENABLE_MODULES = YES;
				CODE_SIGN_STYLE = Automatic;
				CURRENT_PROJECT_VERSION = 1;
				DEFINES_MODULE = YES;
				DEVELOPMENT_TEAM = 274M6WJ8NT;
				DYLIB_COMPATIBILITY_VERSION = 1;
				DYLIB_CURRENT_VERSION = 1;
				DYLIB_INSTALL_NAME_BASE = "@rpath";
				ENABLE_MODULE_VERIFIER = YES;
				GENERATE_INFOPLIST_FILE = YES;
				INFOPLIST_KEY_NSHumanReadableCopyright = "";
				INSTALL_PATH = "$(LOCAL_LIBRARY_DIR)/Frameworks";
				IPHONEOS_DEPLOYMENT_TARGET = 18.2;
				LD_RUNPATH_SEARCH_PATHS = (
					"$(inherited)",
					"@executable_path/Frameworks",
					"@loader_path/Frameworks",
				);
				MARKETING_VERSION = 1.0;
				MODULE_VERIFIER_SUPPORTED_LANGUAGES = "objective-c objective-c++";
				MODULE_VERIFIER_SUPPORTED_LANGUAGE_STANDARDS = "gnu17 gnu++20";
				PRODUCT_BUNDLE_IDENTIFIER = com.matteocasu.EssentialProductsiOS;
				PRODUCT_NAME = "$(TARGET_NAME:c99extidentifier)";
				SDKROOT = iphoneos;
				SKIP_INSTALL = YES;
				SWIFT_EMIT_LOC_STRINGS = YES;
				SWIFT_INSTALL_OBJC_HEADER = NO;
				SWIFT_OPTIMIZATION_LEVEL = "-Onone";
				SWIFT_VERSION = 5.0;
				TARGETED_DEVICE_FAMILY = "1,2";
			};
			name = Debug;
		};
		85D213672D52548F0066F06B /* Release */ = {
			isa = XCBuildConfiguration;
			buildSettings = {
				BUILD_LIBRARY_FOR_DISTRIBUTION = YES;
				CLANG_ENABLE_MODULES = YES;
				CODE_SIGN_STYLE = Automatic;
				CURRENT_PROJECT_VERSION = 1;
				DEFINES_MODULE = YES;
				DEVELOPMENT_TEAM = 274M6WJ8NT;
				DYLIB_COMPATIBILITY_VERSION = 1;
				DYLIB_CURRENT_VERSION = 1;
				DYLIB_INSTALL_NAME_BASE = "@rpath";
				ENABLE_MODULE_VERIFIER = YES;
				GENERATE_INFOPLIST_FILE = YES;
				INFOPLIST_KEY_NSHumanReadableCopyright = "";
				INSTALL_PATH = "$(LOCAL_LIBRARY_DIR)/Frameworks";
				IPHONEOS_DEPLOYMENT_TARGET = 18.2;
				LD_RUNPATH_SEARCH_PATHS = (
					"$(inherited)",
					"@executable_path/Frameworks",
					"@loader_path/Frameworks",
				);
				MARKETING_VERSION = 1.0;
				MODULE_VERIFIER_SUPPORTED_LANGUAGES = "objective-c objective-c++";
				MODULE_VERIFIER_SUPPORTED_LANGUAGE_STANDARDS = "gnu17 gnu++20";
				PRODUCT_BUNDLE_IDENTIFIER = com.matteocasu.EssentialProductsiOS;
				PRODUCT_NAME = "$(TARGET_NAME:c99extidentifier)";
				SDKROOT = iphoneos;
				SKIP_INSTALL = YES;
				SWIFT_EMIT_LOC_STRINGS = YES;
				SWIFT_INSTALL_OBJC_HEADER = NO;
				SWIFT_VERSION = 5.0;
				TARGETED_DEVICE_FAMILY = "1,2";
				VALIDATE_PRODUCT = YES;
			};
			name = Release;
		};
		85D213692D52548F0066F06B /* Debug */ = {
			isa = XCBuildConfiguration;
			buildSettings = {
				CLANG_ENABLE_MODULES = YES;
				CODE_SIGN_STYLE = Automatic;
				CURRENT_PROJECT_VERSION = 1;
				DEVELOPMENT_TEAM = 274M6WJ8NT;
				GENERATE_INFOPLIST_FILE = YES;
				IPHONEOS_DEPLOYMENT_TARGET = 18.2;
				MARKETING_VERSION = 1.0;
				PRODUCT_BUNDLE_IDENTIFIER = com.matteocasu.EssentialProductsiOSTests;
				PRODUCT_NAME = "$(TARGET_NAME)";
				SDKROOT = iphoneos;
				SWIFT_EMIT_LOC_STRINGS = NO;
				SWIFT_OPTIMIZATION_LEVEL = "-Onone";
				SWIFT_VERSION = 5.0;
				TARGETED_DEVICE_FAMILY = "1,2";
			};
			name = Debug;
		};
		85D2136A2D52548F0066F06B /* Release */ = {
			isa = XCBuildConfiguration;
			buildSettings = {
				CLANG_ENABLE_MODULES = YES;
				CODE_SIGN_STYLE = Automatic;
				CURRENT_PROJECT_VERSION = 1;
				DEVELOPMENT_TEAM = 274M6WJ8NT;
				GENERATE_INFOPLIST_FILE = YES;
				IPHONEOS_DEPLOYMENT_TARGET = 18.2;
				MARKETING_VERSION = 1.0;
				PRODUCT_BUNDLE_IDENTIFIER = com.matteocasu.EssentialProductsiOSTests;
				PRODUCT_NAME = "$(TARGET_NAME)";
				SDKROOT = iphoneos;
				SWIFT_EMIT_LOC_STRINGS = NO;
				SWIFT_VERSION = 5.0;
				TARGETED_DEVICE_FAMILY = "1,2";
				VALIDATE_PRODUCT = YES;
			};
			name = Release;
		};
/* End XCBuildConfiguration section */

/* Begin XCConfigurationList section */
		85578B072CD284E900DCD2BB /* Build configuration list for PBXProject "EssentialProducts" */ = {
			isa = XCConfigurationList;
			buildConfigurations = (
				85578B212CD284EA00DCD2BB /* Debug */,
				85578B222CD284EA00DCD2BB /* Release */,
			);
			defaultConfigurationIsVisible = 0;
			defaultConfigurationName = Release;
		};
		85578B1E2CD284EA00DCD2BB /* Build configuration list for PBXNativeTarget "EssentialProducts" */ = {
			isa = XCConfigurationList;
			buildConfigurations = (
				85578B1F2CD284EA00DCD2BB /* Debug */,
				85578B202CD284EA00DCD2BB /* Release */,
			);
			defaultConfigurationIsVisible = 0;
			defaultConfigurationName = Release;
		};
		85578B232CD284EA00DCD2BB /* Build configuration list for PBXNativeTarget "EssentialProductsTests" */ = {
			isa = XCConfigurationList;
			buildConfigurations = (
				85578B242CD284EA00DCD2BB /* Debug */,
				85578B252CD284EA00DCD2BB /* Release */,
			);
			defaultConfigurationIsVisible = 0;
			defaultConfigurationName = Release;
		};
		8592783D2D7A00FE009DEA94 /* Build configuration list for PBXNativeTarget "EssentialsProductsApp" */ = {
			isa = XCConfigurationList;
			buildConfigurations = (
				8592783A2D7A00FE009DEA94 /* Debug */,
				8592783B2D7A00FE009DEA94 /* Release */,
			);
			defaultConfigurationIsVisible = 0;
			defaultConfigurationName = Release;
		};
		859637162CDF99380053991C /* Build configuration list for PBXNativeTarget "EssentialProductsAPIEndToEndTests" */ = {
			isa = XCConfigurationList;
			buildConfigurations = (
				859637172CDF99380053991C /* Debug */,
				859637182CDF99380053991C /* Release */,
			);
			defaultConfigurationIsVisible = 0;
			defaultConfigurationName = Release;
		};
		85A228AE2D2EF9900046EFC0 /* Build configuration list for PBXNativeTarget "EssentialProductsCacheIntegrationTests" */ = {
			isa = XCConfigurationList;
			buildConfigurations = (
				85A228AF2D2EF9900046EFC0 /* Debug */,
				85A228B02D2EF9900046EFC0 /* Release */,
			);
			defaultConfigurationIsVisible = 0;
			defaultConfigurationName = Release;
		};
		85D213652D52548F0066F06B /* Build configuration list for PBXNativeTarget "EssentialProductsiOS" */ = {
			isa = XCConfigurationList;
			buildConfigurations = (
				85D213662D52548F0066F06B /* Debug */,
				85D213672D52548F0066F06B /* Release */,
			);
			defaultConfigurationIsVisible = 0;
			defaultConfigurationName = Release;
		};
		85D213682D52548F0066F06B /* Build configuration list for PBXNativeTarget "EssentialProductsiOSTests" */ = {
			isa = XCConfigurationList;
			buildConfigurations = (
				85D213692D52548F0066F06B /* Debug */,
				85D2136A2D52548F0066F06B /* Release */,
			);
			defaultConfigurationIsVisible = 0;
			defaultConfigurationName = Release;
		};
/* End XCConfigurationList section */
	};
	rootObject = 85578B042CD284E900DCD2BB /* Project object */;
}
